{
  "originHash" : "ae366efa86b32b3c8dcde90a95770ad2544c2aeffe2091666ce5620ef4dbfbb6",
  "pins" : [
    {
      "identity" : "grdb.swift",
      "kind" : "remoteSourceControl",
      "location" : "https://github.com/groue/GRDB.swift",
      "state" : {
        "branch" : "master",
        "revision" : "9ed8c8457e00ff9c7aedb3bf213f20a2cfdf509e"
      }
    },
    {
      "identity" : "nuke",
      "kind" : "remoteSourceControl",
      "location" : "https://github.com/kean/Nuke.git",
      "state" : {
        "revision" : "63a8fcbd6621340a2410bc3e9575ac97058615f4",
        "version" : "13.0.6"
      }
    }
  ],
  "version" : 3
}
